
Microsoft Visual Studio Solution File, Format Version 12.00
# Visual Studio 15
VisualStudioVersion = 15.0.27130.2020
MinimumVisualStudioVersion = 10.0.40219.1
Project("{9A19103F-16F7-4668-BE54-9A1E7A4F7556}") = "NAuth.OIDCServer", "NAuth.OIDCServer\NAuth.OIDCServer.csproj", "{3CA7331E-F8AB-4A86-A869-D1D9EADD1E94}"
EndProject
Project("{9A19103F-16F7-4668-BE54-9A1E7A4F7556}") = "NAuth.ResourceServer", "NAuth.ResourceServer\NAuth.ResourceServer.csproj", "{6C7117EF-1B70-4C56-AA5E-768B45A59E50}"
EndProject
Project("{9A19103F-16F7-4668-BE54-9A1E7A4F7556}") = "NAuth.ClientServer", "NAuth.ClientServer\NAuth.ClientServer.csproj", "{F1D5E314-EEA3-4EF4-AC55-24D3887EEC33}"
EndProject
Global
	GlobalSection(SolutionConfigurationPlatforms) = preSolution
		Debug|Any CPU = Debug|Any CPU
		Release|Any CPU = Release|Any CPU
	EndGlobalSection
	GlobalSection(ProjectConfigurationPlatforms) = postSolution
		{3CA7331E-F8AB-4A86-A869-D1D9EADD1E94}.Debug|Any CPU.ActiveCfg = Debug|Any CPU
		{3CA7331E-F8AB-4A86-A869-D1D9EADD1E94}.Debug|Any CPU.Build.0 = Debug|Any CPU
		{3CA7331E-F8AB-4A86-A869-D1D9EADD1E94}.Release|Any CPU.ActiveCfg = Release|Any CPU
		{3CA7331E-F8AB-4A86-A869-D1D9EADD1E94}.Release|Any CPU.Build.0 = Release|Any CPU
		{6C7117EF-1B70-4C56-AA5E-768B45A59E50}.Debug|Any CPU.ActiveCfg = Debug|Any CPU
		{6C7117EF-1B70-4C56-AA5E-768B45A59E50}.Debug|Any CPU.Build.0 = Debug|Any CPU
		{6C7117EF-1B70-4C56-AA5E-768B45A59E50}.Release|Any CPU.ActiveCfg = Release|Any CPU
		{6C7117EF-1B70-4C56-AA5E-768B45A59E50}.Release|Any CPU.Build.0 = Release|Any CPU
		{F1D5E314-EEA3-4EF4-AC55-24D3887EEC33}.Debug|Any CPU.ActiveCfg = Debug|Any CPU
		{F1D5E314-EEA3-4EF4-AC55-24D3887EEC33}.Debug|Any CPU.Build.0 = Debug|Any CPU
		{F1D5E314-EEA3-4EF4-AC55-24D3887EEC33}.Release|Any CPU.ActiveCfg = Release|Any CPU
		{F1D5E314-EEA3-4EF4-AC55-24D3887EEC33}.Release|Any CPU.Build.0 = Release|Any CPU
	EndGlobalSection
	GlobalSection(SolutionProperties) = preSolution
		HideSolutionNode = FALSE
	EndGlobalSection
	GlobalSection(ExtensibilityGlobals) = postSolution
		SolutionGuid = {D03E0468-06B8-4884-8731-AAC254F42560}
	EndGlobalSection
EndGlobal
